
Microsoft Visual Studio Solution File, Format Version 12.00
# Visual Studio Version 17
VisualStudioVersion = 17.8.34309.116
MinimumVisualStudioVersion = 10.0.40219.1
Project("{FAE04EC0-301F-11D3-BF4B-00C04F79EFBC}") = "DocumentTokenEditor", "DocumentTokenEditor\DocumentTokenEditor.csproj", "{D76389CB-FCFF-4A58-A605-C40B101F31F7}"
EndProject
Global
	GlobalSection(SolutionConfigurationPlatforms) = preSolution
		Debug|Any CPU = Debug|Any CPU
		Release|Any CPU = Release|Any CPU
	EndGlobalSection
	GlobalSection(ProjectConfigurationPlatforms) = postSolution
		{D76389CB-FCFF-4A58-A605-C40B101F31F7}.Debug|Any CPU.ActiveCfg = Debug|Any CPU
		{D76389CB-FCFF-4A58-A605-C40B101F31F7}.Debug|Any CPU.Build.0 = Debug|Any CPU
		{D76389CB-FCFF-4A58-A605-C40B101F31F7}.Debug|Any CPU.Deploy.0 = Debug|Any CPU
		{D76389CB-FCFF-4A58-A605-C40B101F31F7}.Release|Any CPU.ActiveCfg = Release|Any CPU
		{D76389CB-FCFF-4A58-A605-C40B101F31F7}.Release|Any CPU.Build.0 = Release|Any CPU
		{D76389CB-FCFF-4A58-A605-C40B101F31F7}.Release|Any CPU.Deploy.0 = Release|Any CPU
	EndGlobalSection
	GlobalSection(SolutionProperties) = preSolution
		HideSolutionNode = FALSE
	EndGlobalSection
	GlobalSection(ExtensibilityGlobals) = postSolution
		SolutionGuid = {340A5231-A99A-4119-A4F1-947ED75D5418}
	EndGlobalSection
EndGlobal
